
Microsoft Visual Studio Solution File, Format Version 12.00
# Visual Studio Version 17
VisualStudioVersion = 17.8.34525.116
MinimumVisualStudioVersion = 10.0.40219.1
Project("{FAE04EC0-301F-11D3-BF4B-00C04F79EFBC}") = "Audioplayer", "Audioplayer\Audioplayer.csproj", "{D797FE93-AC5B-4ED1-81B2-7DF09148BEBC}"
EndProject
Global
	GlobalSection(SolutionConfigurationPlatforms) = preSolution
		Debug|Any CPU = Debug|Any CPU
		Release|Any CPU = Release|Any CPU
	EndGlobalSection
	GlobalSection(ProjectConfigurationPlatforms) = postSolution
		{D797FE93-AC5B-4ED1-81B2-7DF09148BEBC}.Debug|Any CPU.ActiveCfg = Debug|Any CPU
		{D797FE93-AC5B-4ED1-81B2-7DF09148BEBC}.Debug|Any CPU.Build.0 = Debug|Any CPU
		{D797FE93-AC5B-4ED1-81B2-7DF09148BEBC}.Release|Any CPU.ActiveCfg = Release|Any CPU
		{D797FE93-AC5B-4ED1-81B2-7DF09148BEBC}.Release|Any CPU.Build.0 = Release|Any CPU
	EndGlobalSection
	GlobalSection(SolutionProperties) = preSolution
		HideSolutionNode = FALSE
	EndGlobalSection
	GlobalSection(ExtensibilityGlobals) = postSolution
		SolutionGuid = {9FE2721A-530A-422D-AA3A-7CE51BCE7525}
	EndGlobalSection
EndGlobal
